
Microsoft Visual Studio Solution File, Format Version 12.00
# Visual Studio 15
VisualStudioVersion = 15.0.27703.2018
MinimumVisualStudioVersion = 10.0.40219.1
Project("{FAE04EC0-301F-11D3-BF4B-00C04F79EFBC}") = "MasterDetail_0.Android", "MasterDetail_0\MasterDetail_0.Android\MasterDetail_0.Android.csproj", "{4038C34C-0DFD-4A91-8223-3235A2BE89A2}"
EndProject
Project("{FAE04EC0-301F-11D3-BF4B-00C04F79EFBC}") = "MasterDetail_0", "MasterDetail_0\MasterDetail_0\MasterDetail_0.csproj", "{BF470BE2-EA5B-43E4-BA2A-885E72B19893}"
EndProject
Global
	GlobalSection(SolutionConfigurationPlatforms) = preSolution
		Debug|Any CPU = Debug|Any CPU
		Release|Any CPU = Release|Any CPU
	EndGlobalSection
	GlobalSection(ProjectConfigurationPlatforms) = postSolution
		{4038C34C-0DFD-4A91-8223-3235A2BE89A2}.Debug|Any CPU.ActiveCfg = Debug|Any CPU
		{4038C34C-0DFD-4A91-8223-3235A2BE89A2}.Debug|Any CPU.Build.0 = Debug|Any CPU
		{4038C34C-0DFD-4A91-8223-3235A2BE89A2}.Debug|Any CPU.Deploy.0 = Debug|Any CPU
		{4038C34C-0DFD-4A91-8223-3235A2BE89A2}.Release|Any CPU.ActiveCfg = Release|Any CPU
		{4038C34C-0DFD-4A91-8223-3235A2BE89A2}.Release|Any CPU.Build.0 = Release|Any CPU
		{4038C34C-0DFD-4A91-8223-3235A2BE89A2}.Release|Any CPU.Deploy.0 = Release|Any CPU
		{BF470BE2-EA5B-43E4-BA2A-885E72B19893}.Debug|Any CPU.ActiveCfg = Debug|Any CPU
		{BF470BE2-EA5B-43E4-BA2A-885E72B19893}.Debug|Any CPU.Build.0 = Debug|Any CPU
		{BF470BE2-EA5B-43E4-BA2A-885E72B19893}.Debug|Any CPU.Deploy.0 = Debug|Any CPU
		{BF470BE2-EA5B-43E4-BA2A-885E72B19893}.Release|Any CPU.ActiveCfg = Release|Any CPU
		{BF470BE2-EA5B-43E4-BA2A-885E72B19893}.Release|Any CPU.Build.0 = Release|Any CPU
		{BF470BE2-EA5B-43E4-BA2A-885E72B19893}.Release|Any CPU.Deploy.0 = Release|Any CPU
	EndGlobalSection
	GlobalSection(SolutionProperties) = preSolution
		HideSolutionNode = FALSE
	EndGlobalSection
	GlobalSection(ExtensibilityGlobals) = postSolution
		SolutionGuid = {CC068A98-4ECB-4B1A-9C22-8E39CCCCF1E0}
	EndGlobalSection
EndGlobal
